
Microsoft Visual Studio Solution File, Format Version 12.00
# Visual Studio 15
VisualStudioVersion = 15.0.27004.2006
MinimumVisualStudioVersion = 10.0.40219.1
Project("{FAE04EC0-301F-11D3-BF4B-00C04F79EFBC}") = "IGame", "..\IGame\IGame\IGame.csproj", "{F3E2896C-EB2D-4BD8-9FB2-1413DE8DF104}"
EndProject
Project("{FAE04EC0-301F-11D3-BF4B-00C04F79EFBC}") = "XTAC", "..\XTAC\XTAC\XTAC.csproj", "{4D29E017-E428-4E19-B6B7-28E157571F51}"
	ProjectSection(ProjectDependencies) = postProject
		{2099790C-32EE-4ED2-8BA8-3CD78728AEA2} = {2099790C-32EE-4ED2-8BA8-3CD78728AEA2}
		{F3E2896C-EB2D-4BD8-9FB2-1413DE8DF104} = {F3E2896C-EB2D-4BD8-9FB2-1413DE8DF104}
	EndProjectSection
EndProject
Project("{FAE04EC0-301F-11D3-BF4B-00C04F79EFBC}") = "PlayerLib", "..\PlayerLib\PlayerLib.csproj", "{59BBA7D0-C54E-47E8-A5C5-69C9DAF7EEAA}"
	ProjectSection(ProjectDependencies) = postProject
		{F3E2896C-EB2D-4BD8-9FB2-1413DE8DF104} = {F3E2896C-EB2D-4BD8-9FB2-1413DE8DF104}
	EndProjectSection
EndProject
Project("{FAE04EC0-301F-11D3-BF4B-00C04F79EFBC}") = "Player", "..\Player\Player.csproj", "{5AFC2281-F43A-4003-B472-E623EF078C04}"
EndProject
Project("{FAE04EC0-301F-11D3-BF4B-00C04F79EFBC}") = "XmlToAdv", "..\XmlToAdv\XmlToAdv.csproj", "{6267617B-0D98-4FB8-B675-CE45C08EA68E}"
EndProject
Project("{FAE04EC0-301F-11D3-BF4B-00C04F79EFBC}") = "CLL", "..\CLL\CLL\CLL.csproj", "{2099790C-32EE-4ED2-8BA8-3CD78728AEA2}"
	ProjectSection(ProjectDependencies) = postProject
		{F3E2896C-EB2D-4BD8-9FB2-1413DE8DF104} = {F3E2896C-EB2D-4BD8-9FB2-1413DE8DF104}
	EndProjectSection
EndProject
Project("{FAE04EC0-301F-11D3-BF4B-00C04F79EFBC}") = "GameTables", "..\GameTables\GameTables.csproj", "{C5DBE890-1B45-4840-8EA9-CC49E27AC993}"
EndProject
Global
	GlobalSection(SolutionConfigurationPlatforms) = preSolution
		Debug|Any CPU = Debug|Any CPU
		Debug|x64 = Debug|x64
		Debug|x86 = Debug|x86
		Release|Any CPU = Release|Any CPU
		Release|x64 = Release|x64
		Release|x86 = Release|x86
	EndGlobalSection
	GlobalSection(ProjectConfigurationPlatforms) = postSolution
		{F3E2896C-EB2D-4BD8-9FB2-1413DE8DF104}.Debug|Any CPU.ActiveCfg = Debug|Any CPU
		{F3E2896C-EB2D-4BD8-9FB2-1413DE8DF104}.Debug|Any CPU.Build.0 = Debug|Any CPU
		{F3E2896C-EB2D-4BD8-9FB2-1413DE8DF104}.Debug|x64.ActiveCfg = Debug|Any CPU
		{F3E2896C-EB2D-4BD8-9FB2-1413DE8DF104}.Debug|x64.Build.0 = Debug|Any CPU
		{F3E2896C-EB2D-4BD8-9FB2-1413DE8DF104}.Debug|x86.ActiveCfg = Debug|Any CPU
		{F3E2896C-EB2D-4BD8-9FB2-1413DE8DF104}.Debug|x86.Build.0 = Debug|Any CPU
		{F3E2896C-EB2D-4BD8-9FB2-1413DE8DF104}.Release|Any CPU.ActiveCfg = Release|Any CPU
		{F3E2896C-EB2D-4BD8-9FB2-1413DE8DF104}.Release|Any CPU.Build.0 = Release|Any CPU
		{F3E2896C-EB2D-4BD8-9FB2-1413DE8DF104}.Release|x64.ActiveCfg = Release|Any CPU
		{F3E2896C-EB2D-4BD8-9FB2-1413DE8DF104}.Release|x64.Build.0 = Release|Any CPU
		{F3E2896C-EB2D-4BD8-9FB2-1413DE8DF104}.Release|x86.ActiveCfg = Release|Any CPU
		{F3E2896C-EB2D-4BD8-9FB2-1413DE8DF104}.Release|x86.Build.0 = Release|Any CPU
		{4D29E017-E428-4E19-B6B7-28E157571F51}.Debug|Any CPU.ActiveCfg = Debug|Any CPU
		{4D29E017-E428-4E19-B6B7-28E157571F51}.Debug|Any CPU.Build.0 = Debug|Any CPU
		{4D29E017-E428-4E19-B6B7-28E157571F51}.Debug|x64.ActiveCfg = Debug|Any CPU
		{4D29E017-E428-4E19-B6B7-28E157571F51}.Debug|x64.Build.0 = Debug|Any CPU
		{4D29E017-E428-4E19-B6B7-28E157571F51}.Debug|x86.ActiveCfg = Debug|Any CPU
		{4D29E017-E428-4E19-B6B7-28E157571F51}.Debug|x86.Build.0 = Debug|Any CPU
		{4D29E017-E428-4E19-B6B7-28E157571F51}.Release|Any CPU.ActiveCfg = Release|Any CPU
		{4D29E017-E428-4E19-B6B7-28E157571F51}.Release|Any CPU.Build.0 = Release|Any CPU
		{4D29E017-E428-4E19-B6B7-28E157571F51}.Release|x64.ActiveCfg = Release|Any CPU
		{4D29E017-E428-4E19-B6B7-28E157571F51}.Release|x64.Build.0 = Release|Any CPU
		{4D29E017-E428-4E19-B6B7-28E157571F51}.Release|x86.ActiveCfg = Release|Any CPU
		{4D29E017-E428-4E19-B6B7-28E157571F51}.Release|x86.Build.0 = Release|Any CPU
		{59BBA7D0-C54E-47E8-A5C5-69C9DAF7EEAA}.Debug|Any CPU.ActiveCfg = Debug|Any CPU
		{59BBA7D0-C54E-47E8-A5C5-69C9DAF7EEAA}.Debug|Any CPU.Build.0 = Debug|Any CPU
		{59BBA7D0-C54E-47E8-A5C5-69C9DAF7EEAA}.Debug|x64.ActiveCfg = Debug|Any CPU
		{59BBA7D0-C54E-47E8-A5C5-69C9DAF7EEAA}.Debug|x64.Build.0 = Debug|Any CPU
		{59BBA7D0-C54E-47E8-A5C5-69C9DAF7EEAA}.Debug|x86.ActiveCfg = Debug|Any CPU
		{59BBA7D0-C54E-47E8-A5C5-69C9DAF7EEAA}.Debug|x86.Build.0 = Debug|Any CPU
		{59BBA7D0-C54E-47E8-A5C5-69C9DAF7EEAA}.Release|Any CPU.ActiveCfg = Release|Any CPU
		{59BBA7D0-C54E-47E8-A5C5-69C9DAF7EEAA}.Release|Any CPU.Build.0 = Release|Any CPU
		{59BBA7D0-C54E-47E8-A5C5-69C9DAF7EEAA}.Release|x64.ActiveCfg = Release|Any CPU
		{59BBA7D0-C54E-47E8-A5C5-69C9DAF7EEAA}.Release|x64.Build.0 = Release|Any CPU
		{59BBA7D0-C54E-47E8-A5C5-69C9DAF7EEAA}.Release|x86.ActiveCfg = Release|Any CPU
		{59BBA7D0-C54E-47E8-A5C5-69C9DAF7EEAA}.Release|x86.Build.0 = Release|Any CPU
		{5AFC2281-F43A-4003-B472-E623EF078C04}.Debug|Any CPU.ActiveCfg = Debug|Any CPU
		{5AFC2281-F43A-4003-B472-E623EF078C04}.Debug|Any CPU.Build.0 = Debug|Any CPU
		{5AFC2281-F43A-4003-B472-E623EF078C04}.Debug|x64.ActiveCfg = Debug|Any CPU
		{5AFC2281-F43A-4003-B472-E623EF078C04}.Debug|x64.Build.0 = Debug|Any CPU
		{5AFC2281-F43A-4003-B472-E623EF078C04}.Debug|x86.ActiveCfg = Debug|Any CPU
		{5AFC2281-F43A-4003-B472-E623EF078C04}.Debug|x86.Build.0 = Debug|Any CPU
		{5AFC2281-F43A-4003-B472-E623EF078C04}.Release|Any CPU.ActiveCfg = Release|Any CPU
		{5AFC2281-F43A-4003-B472-E623EF078C04}.Release|Any CPU.Build.0 = Release|Any CPU
		{5AFC2281-F43A-4003-B472-E623EF078C04}.Release|x64.ActiveCfg = Release|Any CPU
		{5AFC2281-F43A-4003-B472-E623EF078C04}.Release|x64.Build.0 = Release|Any CPU
		{5AFC2281-F43A-4003-B472-E623EF078C04}.Release|x86.ActiveCfg = Release|Any CPU
		{5AFC2281-F43A-4003-B472-E623EF078C04}.Release|x86.Build.0 = Release|Any CPU
		{6267617B-0D98-4FB8-B675-CE45C08EA68E}.Debug|Any CPU.ActiveCfg = Debug|Any CPU
		{6267617B-0D98-4FB8-B675-CE45C08EA68E}.Debug|Any CPU.Build.0 = Debug|Any CPU
		{6267617B-0D98-4FB8-B675-CE45C08EA68E}.Debug|x64.ActiveCfg = Debug|Any CPU
		{6267617B-0D98-4FB8-B675-CE45C08EA68E}.Debug|x64.Build.0 = Debug|Any CPU
		{6267617B-0D98-4FB8-B675-CE45C08EA68E}.Debug|x86.ActiveCfg = Debug|Any CPU
		{6267617B-0D98-4FB8-B675-CE45C08EA68E}.Debug|x86.Build.0 = Debug|Any CPU
		{6267617B-0D98-4FB8-B675-CE45C08EA68E}.Release|Any CPU.ActiveCfg = Release|Any CPU
		{6267617B-0D98-4FB8-B675-CE45C08EA68E}.Release|Any CPU.Build.0 = Release|Any CPU
		{6267617B-0D98-4FB8-B675-CE45C08EA68E}.Release|x64.ActiveCfg = Release|Any CPU
		{6267617B-0D98-4FB8-B675-CE45C08EA68E}.Release|x64.Build.0 = Release|Any CPU
		{6267617B-0D98-4FB8-B675-CE45C08EA68E}.Release|x86.ActiveCfg = Release|Any CPU
		{6267617B-0D98-4FB8-B675-CE45C08EA68E}.Release|x86.Build.0 = Release|Any CPU
		{2099790C-32EE-4ED2-8BA8-3CD78728AEA2}.Debug|Any CPU.ActiveCfg = Debug|Any CPU
		{2099790C-32EE-4ED2-8BA8-3CD78728AEA2}.Debug|Any CPU.Build.0 = Debug|Any CPU
		{2099790C-32EE-4ED2-8BA8-3CD78728AEA2}.Debug|x64.ActiveCfg = Debug|Any CPU
		{2099790C-32EE-4ED2-8BA8-3CD78728AEA2}.Debug|x64.Build.0 = Debug|Any CPU
		{2099790C-32EE-4ED2-8BA8-3CD78728AEA2}.Debug|x86.ActiveCfg = Debug|Any CPU
		{2099790C-32EE-4ED2-8BA8-3CD78728AEA2}.Debug|x86.Build.0 = Debug|Any CPU
		{2099790C-32EE-4ED2-8BA8-3CD78728AEA2}.Release|Any CPU.ActiveCfg = Release|Any CPU
		{2099790C-32EE-4ED2-8BA8-3CD78728AEA2}.Release|Any CPU.Build.0 = Release|Any CPU
		{2099790C-32EE-4ED2-8BA8-3CD78728AEA2}.Release|x64.ActiveCfg = Release|Any CPU
		{2099790C-32EE-4ED2-8BA8-3CD78728AEA2}.Release|x64.Build.0 = Release|Any CPU
		{2099790C-32EE-4ED2-8BA8-3CD78728AEA2}.Release|x86.ActiveCfg = Release|Any CPU
		{2099790C-32EE-4ED2-8BA8-3CD78728AEA2}.Release|x86.Build.0 = Release|Any CPU
		{C5DBE890-1B45-4840-8EA9-CC49E27AC993}.Debug|Any CPU.ActiveCfg = Debug|Any CPU
		{C5DBE890-1B45-4840-8EA9-CC49E27AC993}.Debug|Any CPU.Build.0 = Debug|Any CPU
		{C5DBE890-1B45-4840-8EA9-CC49E27AC993}.Debug|x64.ActiveCfg = Debug|Any CPU
		{C5DBE890-1B45-4840-8EA9-CC49E27AC993}.Debug|x64.Build.0 = Debug|Any CPU
		{C5DBE890-1B45-4840-8EA9-CC49E27AC993}.Debug|x86.ActiveCfg = Debug|Any CPU
		{C5DBE890-1B45-4840-8EA9-CC49E27AC993}.Debug|x86.Build.0 = Debug|Any CPU
		{C5DBE890-1B45-4840-8EA9-CC49E27AC993}.Release|Any CPU.ActiveCfg = Release|Any CPU
		{C5DBE890-1B45-4840-8EA9-CC49E27AC993}.Release|Any CPU.Build.0 = Release|Any CPU
		{C5DBE890-1B45-4840-8EA9-CC49E27AC993}.Release|x64.ActiveCfg = Release|Any CPU
		{C5DBE890-1B45-4840-8EA9-CC49E27AC993}.Release|x64.Build.0 = Release|Any CPU
		{C5DBE890-1B45-4840-8EA9-CC49E27AC993}.Release|x86.ActiveCfg = Release|Any CPU
		{C5DBE890-1B45-4840-8EA9-CC49E27AC993}.Release|x86.Build.0 = Release|Any CPU
	EndGlobalSection
	GlobalSection(SolutionProperties) = preSolution
		HideSolutionNode = FALSE
	EndGlobalSection
	GlobalSection(ExtensibilityGlobals) = postSolution
		SolutionGuid = {C25E5E0B-377B-4071-9FF1-0483BDFA82B7}
	EndGlobalSection
EndGlobal
